{
  "name": "src",
  "version": "1.0.0",
  "lockfileVersion": 2,
  "requires": true,
  "packages": {
    "": {
      "name": "src",
      "version": "1.0.0",
      "license": "ISC",
      "dependencies": {
        "ar-api": "file:../../../lib/ar-api",
        "ar-mongo": "file:../../../lib/ar-mongo"
      },
      "devDependencies": {
        "typescript": "^4.8.4"
      }
    },
    "../../../lib/api": {
      "version": "1.0.0",
      "extraneous": true,
      "license": "ISC",
      "dependencies": {
        "express": "^4.18.2"
      },
      "devDependencies": {
        "@types/express": "^4.17.14",
        "@types/node": "^18.11.0",
        "typescript": "^4.8.4"
      }
    },
    "../../../lib/ar-api": {
      "version": "1.0.0",
      "license": "ISC",
      "dependencies": {
        "express": "^4.18.2"
      },
      "devDependencies": {
        "@types/express": "^4.17.14",
        "@types/node": "^18.11.0",
        "typescript": "^4.8.4"
      }
    },
    "../../../lib/ar-mongo": {
      "version": "1.0.0",
      "license": "ISC",
      "dependencies": {
        "mongodb": "4.10"
      },
      "devDependencies": {
        "@types/node": "^18.11.2",
        "typescript": "^4.8.4"
      }
    },
    "node_modules/ar-api": {
      "resolved": "../../../lib/ar-api",
      "link": true
    },
    "node_modules/ar-mongo": {
      "resolved": "../../../lib/ar-mongo",
      "link": true
    },
    "node_modules/typescript": {
      "version": "4.8.4",
      "resolved": "https://registry.npmjs.org/typescript/-/typescript-4.8.4.tgz",
      "integrity": "sha512-QCh+85mCy+h0IGff8r5XWzOVSbBO+KfeYrMQh7NJ58QujwcE22u+NUSmUxqF+un70P9GXKxa2HCNiTTMJknyjQ==",
      "dev": true,
      "bin": {
        "tsc": "bin/tsc",
        "tsserver": "bin/tsserver"
      },
      "engines": {
        "node": ">=4.2.0"
      }
    }
  },
  "dependencies": {
    "ar-api": {
      "version": "file:../../../lib/ar-api",
      "requires": {
        "@types/express": "^4.17.14",
        "@types/node": "^18.11.0",
        "express": "^4.18.2",
        "typescript": "^4.8.4"
      }
    },
    "ar-mongo": {
      "version": "file:../../../lib/ar-mongo",
      "requires": {
        "@types/node": "^18.11.2",
        "mongodb": "4.10",
        "typescript": "^4.8.4"
      }
    },
    "typescript": {
      "version": "4.8.4",
      "resolved": "https://registry.npmjs.org/typescript/-/typescript-4.8.4.tgz",
      "integrity": "sha512-QCh+85mCy+h0IGff8r5XWzOVSbBO+KfeYrMQh7NJ58QujwcE22u+NUSmUxqF+un70P9GXKxa2HCNiTTMJknyjQ==",
      "dev": true
    }
  }
}
